// !$*UTF8*$!
{
	archiveVersion = 1;
	classes = {
	};
	objectVersion = 50;
	objects = {

/* Begin PBXBuildFile section */
		1EFA4C3621C632FE008BD385 /* AppDelegate.swift in Sources */ = {isa = PBXBuildFile; fileRef = 1EFA4C3521C632FE008BD385 /* AppDelegate.swift */; };
		1EFA4C3821C632FE008BD385 /* ViewController.swift in Sources */ = {isa = PBXBuildFile; fileRef = 1EFA4C3721C632FE008BD385 /* ViewController.swift */; };
		1EFA4C3B21C632FE008BD385 /* Main.storyboard in Resources */ = {isa = PBXBuildFile; fileRef = 1EFA4C3921C632FE008BD385 /* Main.storyboard */; };
		1EFA4C3E21C632FE008BD385 /* play_data.xcdatamodeld in Sources */ = {isa = PBXBuildFile; fileRef = 1EFA4C3C21C632FE008BD385 /* play_data.xcdatamodeld */; };
		1EFA4C4021C63300008BD385 /* Assets.xcassets in Resources */ = {isa = PBXBuildFile; fileRef = 1EFA4C3F21C63300008BD385 /* Assets.xcassets */; };
		1EFA4C4321C63300008BD385 /* LaunchScreen.storyboard in Resources */ = {isa = PBXBuildFile; fileRef = 1EFA4C4121C63300008BD385 /* LaunchScreen.storyboard */; };
		1EFA4C4E21C63300008BD385 /* play_dataTests.swift in Sources */ = {isa = PBXBuildFile; fileRef = 1EFA4C4D21C63300008BD385 /* play_dataTests.swift */; };
		1EFA4C5921C63300008BD385 /* play_dataUITests.swift in Sources */ = {isa = PBXBuildFile; fileRef = 1EFA4C5821C63300008BD385 /* play_dataUITests.swift */; };
		1EFA4C6721C63E04008BD385 /* Shaders.metal in Sources */ = {isa = PBXBuildFile; fileRef = 1EFA4C6621C63E04008BD385 /* Shaders.metal */; };
/* End PBXBuildFile section */

/* Begin PBXContainerItemProxy section */
		1EFA4C4A21C63300008BD385 /* PBXContainerItemProxy */ = {
			isa = PBXContainerItemProxy;
			containerPortal = 1EFA4C2A21C632FE008BD385 /* Project object */;
			proxyType = 1;
			remoteGlobalIDString = 1EFA4C3121C632FE008BD385;
			remoteInfo = play_data;
		};
		1EFA4C5521C63300008BD385 /* PBXContainerItemProxy */ = {
			isa = PBXContainerItemProxy;
			containerPortal = 1EFA4C2A21C632FE008BD385 /* Project object */;
			proxyType = 1;
			remoteGlobalIDString = 1EFA4C3121C632FE008BD385;
			remoteInfo = play_data;
		};
/* End PBXContainerItemProxy section */

/* Begin PBXFileReference section */
		1EFA4C3221C632FE008BD385 /* play_data.app */ = {isa = PBXFileReference; explicitFileType = wrapper.application; includeInIndex = 0; path = play_data.app; sourceTree = BUILT_PRODUCTS_DIR; };
		1EFA4C3521C632FE008BD385 /* AppDelegate.swift */ = {isa = PBXFileReference; lastKnownFileType = sourcecode.swift; path = AppDelegate.swift; sourceTree = "<group>"; };
		1EFA4C3721C632FE008BD385 /* ViewController.swift */ = {isa = PBXFileReference; lastKnownFileType = sourcecode.swift; path = ViewController.swift; sourceTree = "<group>"; };
		1EFA4C3A21C632FE008BD385 /* Base */ = {isa = PBXFileReference; lastKnownFileType = file.storyboard; name = Base; path = Base.lproj/Main.storyboard; sourceTree = "<group>"; };
		1EFA4C3D21C632FE008BD385 /* play_data.xcdatamodel */ = {isa = PBXFileReference; lastKnownFileType = wrapper.xcdatamodel; path = play_data.xcdatamodel; sourceTree = "<group>"; };
		1EFA4C3F21C63300008BD385 /* Assets.xcassets */ = {isa = PBXFileReference; lastKnownFileType = folder.assetcatalog; path = Assets.xcassets; sourceTree = "<group>"; };
		1EFA4C4221C63300008BD385 /* Base */ = {isa = PBXFileReference; lastKnownFileType = file.storyboard; name = Base; path = Base.lproj/LaunchScreen.storyboard; sourceTree = "<group>"; };
		1EFA4C4421C63300008BD385 /* Info.plist */ = {isa = PBXFileReference; lastKnownFileType = text.plist.xml; path = Info.plist; sourceTree = "<group>"; };
		1EFA4C4921C63300008BD385 /* play_dataTests.xctest */ = {isa = PBXFileReference; explicitFileType = wrapper.cfbundle; includeInIndex = 0; path = play_dataTests.xctest; sourceTree = BUILT_PRODUCTS_DIR; };
		1EFA4C4D21C63300008BD385 /* play_dataTests.swift */ = {isa = PBXFileReference; lastKnownFileType = sourcecode.swift; path = play_dataTests.swift; sourceTree = "<group>"; };
		1EFA4C4F21C63300008BD385 /* Info.plist */ = {isa = PBXFileReference; lastKnownFileType = text.plist.xml; path = Info.plist; sourceTree = "<group>"; };
		1EFA4C5421C63300008BD385 /* play_dataUITests.xctest */ = {isa = PBXFileReference; explicitFileType = wrapper.cfbundle; includeInIndex = 0; path = play_dataUITests.xctest; sourceTree = BUILT_PRODUCTS_DIR; };
		1EFA4C5821C63300008BD385 /* play_dataUITests.swift */ = {isa = PBXFileReference; lastKnownFileType = sourcecode.swift; path = play_dataUITests.swift; sourceTree = "<group>"; };
		1EFA4C5A21C63300008BD385 /* Info.plist */ = {isa = PBXFileReference; lastKnownFileType = text.plist.xml; path = Info.plist; sourceTree = "<group>"; };
		1EFA4C6621C63E04008BD385 /* Shaders.metal */ = {isa = PBXFileReference; lastKnownFileType = sourcecode.metal; path = Shaders.metal; sourceTree = "<group>"; };
/* End PBXFileReference section */

/* Begin PBXFrameworksBuildPhase section */
		1EFA4C2F21C632FE008BD385 /* Frameworks */ = {
			isa = PBXFrameworksBuildPhase;
			buildActionMask = 2147483647;
			files = (
			);
			runOnlyForDeploymentPostprocessing = 0;
		};
		1EFA4C4621C63300008BD385 /* Frameworks */ = {
			isa = PBXFrameworksBuildPhase;
			buildActionMask = 2147483647;
			files = (
			);
			runOnlyForDeploymentPostprocessing = 0;
		};
		1EFA4C5121C63300008BD385 /* Frameworks */ = {
			isa = PBXFrameworksBuildPhase;
			buildActionMask = 2147483647;
			files = (
			);
			runOnlyForDeploymentPostprocessing = 0;
		};
/* End PBXFrameworksBuildPhase section */

/* Begin PBXGroup section */
		1EFA4C2921C632FE008BD385 = {
			isa = PBXGroup;
			children = (
				1EFA4C6621C63E04008BD385 /* Shaders.metal */,
				1EFA4C3421C632FE008BD385 /* play_data */,
				1EFA4C4C21C63300008BD385 /* play_dataTests */,
				1EFA4C5721C63300008BD385 /* play_dataUITests */,
				1EFA4C3321C632FE008BD385 /* Products */,
			);
			sourceTree = "<group>";
		};
		1EFA4C3321C632FE008BD385 /* Products */ = {
			isa = PBXGroup;
			children = (
				1EFA4C3221C632FE008BD385 /* play_data.app */,
				1EFA4C4921C63300008BD385 /* play_dataTests.xctest */,
				1EFA4C5421C63300008BD385 /* play_dataUITests.xctest */,
			);
			name = Products;
			sourceTree = "<group>";
		};
		1EFA4C3421C632FE008BD385 /* play_data */ = {
			isa = PBXGroup;
			children = (
				1EFA4C3521C632FE008BD385 /* AppDelegate.swift */,
				1EFA4C3721C632FE008BD385 /* ViewController.swift */,
				1EFA4C3921C632FE008BD385 /* Main.storyboard */,
				1EFA4C3F21C63300008BD385 /* Assets.xcassets */,
				1EFA4C4121C63300008BD385 /* LaunchScreen.storyboard */,
				1EFA4C4421C63300008BD385 /* Info.plist */,
				1EFA4C3C21C632FE008BD385 /* play_data.xcdatamodeld */,
			);
			path = play_data;
			sourceTree = "<group>";
		};
		1EFA4C4C21C63300008BD385 /* play_dataTests */ = {
			isa = PBXGroup;
			children = (
				1EFA4C4D21C63300008BD385 /* play_dataTests.swift */,
				1EFA4C4F21C63300008BD385 /* Info.plist */,
			);
			path = play_dataTests;
			sourceTree = "<group>";
		};
		1EFA4C5721C63300008BD385 /* play_dataUITests */ = {
			isa = PBXGroup;
			children = (
				1EFA4C5821C63300008BD385 /* play_dataUITests.swift */,
				1EFA4C5A21C63300008BD385 /* Info.plist */,
			);
			path = play_dataUITests;
			sourceTree = "<group>";
		};
/* End PBXGroup section */

/* Begin PBXNativeTarget section */
		1EFA4C3121C632FE008BD385 /* play_data */ = {
			isa = PBXNativeTarget;
			buildConfigurationList = 1EFA4C5D21C63300008BD385 /* Build configuration list for PBXNativeTarget "play_data" */;
			buildPhases = (
				1EFA4C2E21C632FE008BD385 /* Sources */,
				1EFA4C2F21C632FE008BD385 /* Frameworks */,
				1EFA4C3021C632FE008BD385 /* Resources */,
			);
			buildRules = (
			);
			dependencies = (
			);
			name = play_data;
			productName = play_data;
			productReference = 1EFA4C3221C632FE008BD385 /* play_data.app */;
			productType = "com.apple.product-type.application";
		};
		1EFA4C4821C63300008BD385 /* play_dataTests */ = {
			isa = PBXNativeTarget;
			buildConfigurationList = 1EFA4C6021C63300008BD385 /* Build configuration list for PBXNativeTarget "play_dataTests" */;
			buildPhases = (
				1EFA4C4521C63300008BD385 /* Sources */,
				1EFA4C4621C63300008BD385 /* Frameworks */,
				1EFA4C4721C63300008BD385 /* Resources */,
			);
			buildRules = (
			);
			dependencies = (
				1EFA4C4B21C63300008BD385 /* PBXTargetDependency */,
			);
			name = play_dataTests;
			productName = play_dataTests;
			productReference = 1EFA4C4921C63300008BD385 /* play_dataTests.xctest */;
			productType = "com.apple.product-type.bundle.unit-test";
		};
		1EFA4C5321C63300008BD385 /* play_dataUITests */ = {
			isa = PBXNativeTarget;
			buildConfigurationList = 1EFA4C6321C63300008BD385 /* Build configuration list for PBXNativeTarget "play_dataUITests" */;
			buildPhases = (
				1EFA4C5021C63300008BD385 /* Sources */,
				1EFA4C5121C63300008BD385 /* Frameworks */,
				1EFA4C5221C63300008BD385 /* Resources */,
			);
			buildRules = (
			);
			dependencies = (
				1EFA4C5621C63300008BD385 /* PBXTargetDependency */,
			);
			name = play_dataUITests;
			productName = play_dataUITests;
			productReference = 1EFA4C5421C63300008BD385 /* play_dataUITests.xctest */;
			productType = "com.apple.product-type.bundle.ui-testing";
		};
/* End PBXNativeTarget section */

/* Begin PBXProject section */
		1EFA4C2A21C632FE008BD385 /* Project object */ = {
			isa = PBXProject;
			attributes = {
				LastSwiftUpdateCheck = 1010;
				LastUpgradeCheck = 1010;
				ORGANIZATIONNAME = havefun;
				TargetAttributes = {
					1EFA4C3121C632FE008BD385 = {
						CreatedOnToolsVersion = 10.1;
					};
					1EFA4C4821C63300008BD385 = {
						CreatedOnToolsVersion = 10.1;
						TestTargetID = 1EFA4C3121C632FE008BD385;
					};
					1EFA4C5321C63300008BD385 = {
						CreatedOnToolsVersion = 10.1;
						TestTargetID = 1EFA4C3121C632FE008BD385;
					};
				};
			};
			buildConfigurationList = 1EFA4C2D21C632FE008BD385 /* Build configuration list for PBXProject "play_data" */;
			compatibilityVersion = "Xcode 9.3";
			developmentRegion = en;
			hasScannedForEncodings = 0;
			knownRegions = (
				en,
				Base,
			);
			mainGroup = 1EFA4C2921C632FE008BD385;
			productRefGroup = 1EFA4C3321C632FE008BD385 /* Products */;
			projectDirPath = "";
			projectRoot = "";
			targets = (
				1EFA4C3121C632FE008BD385 /* play_data */,
				1EFA4C4821C63300008BD385 /* play_dataTests */,
				1EFA4C5321C63300008BD385 /* play_dataUITests */,
			);
		};
/* End PBXProject section */

/* Begin PBXResourcesBuildPhase section */
		1EFA4C3021C632FE008BD385 /* Resources */ = {
			isa = PBXResourcesBuildPhase;
			buildActionMask = 2147483647;
			files = (
				1EFA4C4321C63300008BD385 /* LaunchScreen.storyboard in Resources */,
				1EFA4C4021C63300008BD385 /* Assets.xcassets in Resources */,
				1EFA4C3B21C632FE008BD385 /* Main.storyboard in Resources */,
			);
			runOnlyForDeploymentPostprocessing = 0;
		};
		1EFA4C4721C63300008BD385 /* Resources */ = {
			isa = PBXResourcesBuildPhase;
			buildActionMask = 2147483647;
			files = (
			);
			runOnlyForDeploymentPostprocessing = 0;
		};
		1EFA4C5221C63300008BD385 /* Resources */ = {
			isa = PBXResourcesBuildPhase;
			buildActionMask = 2147483647;
			files = (
			);
			runOnlyForDeploymentPostprocessing = 0;
		};
/* End PBXResourcesBuildPhase section */

/* Begin PBXSourcesBuildPhase section */
		1EFA4C2E21C632FE008BD385 /* Sources */ = {
			isa = PBXSourcesBuildPhase;
			buildActionMask = 2147483647;
			files = (
				1EFA4C6721C63E04008BD385 /* Shaders.metal in Sources */,
				1EFA4C3821C632FE008BD385 /* ViewController.swift in Sources */,
				1EFA4C3621C632FE008BD385 /* AppDelegate.swift in Sources */,
				1EFA4C3E21C632FE008BD385 /* play_data.xcdatamodeld in Sources */,
			);
			runOnlyForDeploymentPostprocessing = 0;
		};
		1EFA4C4521C63300008BD385 /* Sources */ = {
			isa = PBXSourcesBuildPhase;
			buildActionMask = 2147483647;
			files = (
				1EFA4C4E21C63300008BD385 /* play_dataTests.swift in Sources */,
			);
			runOnlyForDeploymentPostprocessing = 0;
		};
		1EFA4C5021C63300008BD385 /* Sources */ = {
			isa = PBXSourcesBuildPhase;
			buildActionMask = 2147483647;
			files = (
				1EFA4C5921C63300008BD385 /* play_dataUITests.swift in Sources */,
			);
			runOnlyForDeploymentPostprocessing = 0;
		};
/* End PBXSourcesBuildPhase section */

/* Begin PBXTargetDependency section */
		1EFA4C4B21C63300008BD385 /* PBXTargetDependency */ = {
			isa = PBXTargetDependency;
			target = 1EFA4C3121C632FE008BD385 /* play_data */;
			targetProxy = 1EFA4C4A21C63300008BD385 /* PBXContainerItemProxy */;
		};
		1EFA4C5621C63300008BD385 /* PBXTargetDependency */ = {
			isa = PBXTargetDependency;
			target = 1EFA4C3121C632FE008BD385 /* play_data */;
			targetProxy = 1EFA4C5521C63300008BD385 /* PBXContainerItemProxy */;
		};
/* End PBXTargetDependency section */

/* Begin PBXVariantGroup section */
		1EFA4C3921C632FE008BD385 /* Main.storyboard */ = {
			isa = PBXVariantGroup;
			children = (
				1EFA4C3A21C632FE008BD385 /* Base */,
			);
			name = Main.storyboard;
			sourceTree = "<group>";
		};
		1EFA4C4121C63300008BD385 /* LaunchScreen.storyboard */ = {
			isa = PBXVariantGroup;
			children = (
				1EFA4C4221C63300008BD385 /* Base */,
			);
			name = LaunchScreen.storyboard;
			sourceTree = "<group>";
		};
/* End PBXVariantGroup section */

/* Begin XCBuildConfiguration section */
		1EFA4C5B21C63300008BD385 /* Debug */ = {
			isa = XCBuildConfiguration;
			buildSettings = {
				ALWAYS_SEARCH_USER_PATHS = NO;
				CLANG_ANALYZER_NONNULL = YES;
				CLANG_ANALYZER_NUMBER_OBJECT_CONVERSION = YES_AGGRESSIVE;
				CLANG_CXX_LANGUAGE_STANDARD = "gnu++14";
				CLANG_CXX_LIBRARY = "libc++";
				CLANG_ENABLE_MODULES = YES;
				CLANG_ENABLE_OBJC_ARC = YES;
				CLANG_ENABLE_OBJC_WEAK = YES;
				CLANG_WARN_BLOCK_CAPTURE_AUTORELEASING = YES;
				CLANG_WARN_BOOL_CONVERSION = YES;
				CLANG_WARN_COMMA = YES;
				CLANG_WARN_CONSTANT_CONVERSION = YES;
				CLANG_WARN_DEPRECATED_OBJC_IMPLEMENTATIONS = YES;
				CLANG_WARN_DIRECT_OBJC_ISA_USAGE = YES_ERROR;
				CLANG_WARN_DOCUMENTATION_COMMENTS = YES;
				CLANG_WARN_EMPTY_BODY = YES;
				CLANG_WARN_ENUM_CONVERSION = YES;
				CLANG_WARN_INFINITE_RECURSION = YES;
				CLANG_WARN_INT_CONVERSION = YES;
				CLANG_WARN_NON_LITERAL_NULL_CONVERSION = YES;
				CLANG_WARN_OBJC_IMPLICIT_RETAIN_SELF = YES;
				CLANG_WARN_OBJC_LITERAL_CONVERSION = YES;
				CLANG_WARN_OBJC_ROOT_CLASS = YES_ERROR;
				CLANG_WARN_RANGE_LOOP_ANALYSIS = YES;
				CLANG_WARN_STRICT_PROTOTYPES = YES;
				CLANG_WARN_SUSPICIOUS_MOVE = YES;
				CLANG_WARN_UNGUARDED_AVAILABILITY = YES_AGGRESSIVE;
				CLANG_WARN_UNREACHABLE_CODE = YES;
				CLANG_WARN__DUPLICATE_METHOD_MATCH = YES;
				CODE_SIGN_IDENTITY = "iPhone Developer";
				COPY_PHASE_STRIP = NO;
				DEBUG_INFORMATION_FORMAT = dwarf;
				ENABLE_STRICT_OBJC_MSGSEND = YES;
				ENABLE_TESTABILITY = YES;
				GCC_C_LANGUAGE_STANDARD = gnu11;
				GCC_DYNAMIC_NO_PIC = NO;
				GCC_NO_COMMON_BLOCKS = YES;
				GCC_OPTIMIZATION_LEVEL = 0;
				GCC_PREPROCESSOR_DEFINITIONS = (
					"DEBUG=1",
					"$(inherited)",
				);
				GCC_WARN_64_TO_32_BIT_CONVERSION = YES;
				GCC_WARN_ABOUT_RETURN_TYPE = YES_ERROR;
				GCC_WARN_UNDECLARED_SELECTOR = YES;
				GCC_WARN_UNINITIALIZED_AUTOS = YES_AGGRESSIVE;
				GCC_WARN_UNUSED_FUNCTION = YES;
				GCC_WARN_UNUSED_VARIABLE = YES;
				IPHONEOS_DEPLOYMENT_TARGET = 12.1;
				MTL_ENABLE_DEBUG_INFO = INCLUDE_SOURCE;
				MTL_FAST_MATH = YES;
				ONLY_ACTIVE_ARCH = YES;
				SDKROOT = iphoneos;
				SWIFT_ACTIVE_COMPILATION_CONDITIONS = DEBUG;
				SWIFT_OPTIMIZATION_LEVEL = "-Onone";
			};
			name = Debug;
		};
		1EFA4C5C21C63300008BD385 /* Release */ = {
			isa = XCBuildConfiguration;
			buildSettings = {
				ALWAYS_SEARCH_USER_PATHS = NO;
				CLANG_ANALYZER_NONNULL = YES;
				CLANG_ANALYZER_NUMBER_OBJECT_CONVERSION = YES_AGGRESSIVE;
				CLANG_CXX_LANGUAGE_STANDARD = "gnu++14";
				CLANG_CXX_LIBRARY = "libc++";
				CLANG_ENABLE_MODULES = YES;
				CLANG_ENABLE_OBJC_ARC = YES;
				CLANG_ENABLE_OBJC_WEAK = YES;
				CLANG_WARN_BLOCK_CAPTURE_AUTORELEASING = YES;
				CLANG_WARN_BOOL_CONVERSION = YES;
				CLANG_WARN_COMMA = YES;
				CLANG_WARN_CONSTANT_CONVERSION = YES;
				CLANG_WARN_DEPRECATED_OBJC_IMPLEMENTATIONS = YES;
				CLANG_WARN_DIRECT_OBJC_ISA_USAGE = YES_ERROR;
				CLANG_WARN_DOCUMENTATION_COMMENTS = YES;
				CLANG_WARN_EMPTY_BODY = YES;
				CLANG_WARN_ENUM_CONVERSION = YES;
				CLANG_WARN_INFINITE_RECURSION = YES;
				CLANG_WARN_INT_CONVERSION = YES;
				CLANG_WARN_NON_LITERAL_NULL_CONVERSION = YES;
				CLANG_WARN_OBJC_IMPLICIT_RETAIN_SELF = YES;
				CLANG_WARN_OBJC_LITERAL_CONVERSION = YES;
				CLANG_WARN_OBJC_ROOT_CLASS = YES_ERROR;
				CLANG_WARN_RANGE_LOOP_ANALYSIS = YES;
				CLANG_WARN_STRICT_PROTOTYPES = YES;
				CLANG_WARN_SUSPICIOUS_MOVE = YES;
				CLANG_WARN_UNGUARDED_AVAILABILITY = YES_AGGRESSIVE;
				CLANG_WARN_UNREACHABLE_CODE = YES;
				CLANG_WARN__DUPLICATE_METHOD_MATCH = YES;
				CODE_SIGN_IDENTITY = "iPhone Developer";
				COPY_PHASE_STRIP = NO;
				DEBUG_INFORMATION_FORMAT = "dwarf-with-dsym";
				ENABLE_NS_ASSERTIONS = NO;
				ENABLE_STRICT_OBJC_MSGSEND = YES;
				GCC_C_LANGUAGE_STANDARD = gnu11;
				GCC_NO_COMMON_BLOCKS = YES;
				GCC_WARN_64_TO_32_BIT_CONVERSION = YES;
				GCC_WARN_ABOUT_RETURN_TYPE = YES_ERROR;
				GCC_WARN_UNDECLARED_SELECTOR = YES;
				GCC_WARN_UNINITIALIZED_AUTOS = YES_AGGRESSIVE;
				GCC_WARN_UNUSED_FUNCTION = YES;
				GCC_WARN_UNUSED_VARIABLE = YES;
				IPHONEOS_DEPLOYMENT_TARGET = 12.1;
				MTL_ENABLE_DEBUG_INFO = NO;
				MTL_FAST_MATH = YES;
				SDKROOT = iphoneos;
				SWIFT_COMPILATION_MODE = wholemodule;
				SWIFT_OPTIMIZATION_LEVEL = "-O";
				VALIDATE_PRODUCT = YES;
			};
			name = Release;
		};
		1EFA4C5E21C63300008BD385 /* Debug */ = {
			isa = XCBuildConfiguration;
			buildSettings = {
				ASSETCATALOG_COMPILER_APPICON_NAME = AppIcon;
				CODE_SIGN_STYLE = Automatic;
				DEVELOPMENT_TEAM = 3Q9H8LSHS4;
				INFOPLIST_FILE = play_data/Info.plist;
				LD_RUNPATH_SEARCH_PATHS = (
					"$(inherited)",
					"@executable_path/Frameworks",
				);
				PRODUCT_BUNDLE_IDENTIFIER = com.gaintruck.truckGo;
				PRODUCT_NAME = "$(TARGET_NAME)";
				SWIFT_VERSION = 4.2;
				TARGETED_DEVICE_FAMILY = 1;
			};
			name = Debug;
		};
		1EFA4C5F21C63300008BD385 /* Release */ = {
			isa = XCBuildConfiguration;
			buildSettings = {
				ASSETCATALOG_COMPILER_APPICON_NAME = AppIcon;
				CODE_SIGN_STYLE = Automatic;
				DEVELOPMENT_TEAM = 3Q9H8LSHS4;
				INFOPLIST_FILE = play_data/Info.plist;
				LD_RUNPATH_SEARCH_PATHS = (
					"$(inherited)",
					"@executable_path/Frameworks",
				);
				PRODUCT_BUNDLE_IDENTIFIER = com.gaintruck.truckGo;
				PRODUCT_NAME = "$(TARGET_NAME)";
				SWIFT_VERSION = 4.2;
				TARGETED_DEVICE_FAMILY = 1;
			};
			name = Release;
		};
		1EFA4C6121C63300008BD385 /* Debug */ = {
			isa = XCBuildConfiguration;
			buildSettings = {
				ALWAYS_EMBED_SWIFT_STANDARD_LIBRARIES = YES;
				BUNDLE_LOADER = "$(TEST_HOST)";
				CODE_SIGN_STYLE = Automatic;
				INFOPLIST_FILE = play_dataTests/Info.plist;
				LD_RUNPATH_SEARCH_PATHS = (
					"$(inherited)",
					"@executable_path/Frameworks",
					"@loader_path/Frameworks",
				);
				PRODUCT_BUNDLE_IDENTIFIER = "null.play-dataTests";
				PRODUCT_NAME = "$(TARGET_NAME)";
				SWIFT_VERSION = 4.2;
				TARGETED_DEVICE_FAMILY = "1,2";
				TEST_HOST = "$(BUILT_PRODUCTS_DIR)/play_data.app/play_data";
			};
			name = Debug;
		};
		1EFA4C6221C63300008BD385 /* Release */ = {
			isa = XCBuildConfiguration;
			buildSettings = {
				ALWAYS_EMBED_SWIFT_STANDARD_LIBRARIES = YES;
				BUNDLE_LOADER = "$(TEST_HOST)";
				CODE_SIGN_STYLE = Automatic;
				INFOPLIST_FILE = play_dataTests/Info.plist;
				LD_RUNPATH_SEARCH_PATHS = (
					"$(inherited)",
					"@executable_path/Frameworks",
					"@loader_path/Frameworks",
				);
				PRODUCT_BUNDLE_IDENTIFIER = "null.play-dataTests";
				PRODUCT_NAME = "$(TARGET_NAME)";
				SWIFT_VERSION = 4.2;
				TARGETED_DEVICE_FAMILY = "1,2";
				TEST_HOST = "$(BUILT_PRODUCTS_DIR)/play_data.app/play_data";
			};
			name = Release;
		};
		1EFA4C6421C63300008BD385 /* Debug */ = {
			isa = XCBuildConfiguration;
			buildSettings = {
				ALWAYS_EMBED_SWIFT_STANDARD_LIBRARIES = YES;
				CODE_SIGN_STYLE = Automatic;
				INFOPLIST_FILE = play_dataUITests/Info.plist;
				LD_RUNPATH_SEARCH_PATHS = (
					"$(inherited)",
					"@executable_path/Frameworks",
					"@loader_path/Frameworks",
				);
				PRODUCT_BUNDLE_IDENTIFIER = "null.play-dataUITests";
				PRODUCT_NAME = "$(TARGET_NAME)";
				SWIFT_VERSION = 4.2;
				TARGETED_DEVICE_FAMILY = "1,2";
				TEST_TARGET_NAME = play_data;
			};
			name = Debug;
		};
		1EFA4C6521C63300008BD385 /* Release */ = {
			isa = XCBuildConfiguration;
			buildSettings = {
				ALWAYS_EMBED_SWIFT_STANDARD_LIBRARIES = YES;
				CODE_SIGN_STYLE = Automatic;
				INFOPLIST_FILE = play_dataUITests/Info.plist;
				LD_RUNPATH_SEARCH_PATHS = (
					"$(inherited)",
					"@executable_path/Frameworks",
					"@loader_path/Frameworks",
				);
				PRODUCT_BUNDLE_IDENTIFIER = "null.play-dataUITests";
				PRODUCT_NAME = "$(TARGET_NAME)";
				SWIFT_VERSION = 4.2;
				TARGETED_DEVICE_FAMILY = "1,2";
				TEST_TARGET_NAME = play_data;
			};
			name = Release;
		};
/* End XCBuildConfiguration section */

/* Begin XCConfigurationList section */
		1EFA4C2D21C632FE008BD385 /* Build configuration list for PBXProject "play_data" */ = {
			isa = XCConfigurationList;
			buildConfigurations = (
				1EFA4C5B21C63300008BD385 /* Debug */,
				1EFA4C5C21C63300008BD385 /* Release */,
			);
			defaultConfigurationIsVisible = 0;
			defaultConfigurationName = Release;
		};
		1EFA4C5D21C63300008BD385 /* Build configuration list for PBXNativeTarget "play_data" */ = {
			isa = XCConfigurationList;
			buildConfigurations = (
				1EFA4C5E21C63300008BD385 /* Debug */,
				1EFA4C5F21C63300008BD385 /* Release */,
			);
			defaultConfigurationIsVisible = 0;
			defaultConfigurationName = Release;
		};
		1EFA4C6021C63300008BD385 /* Build configuration list for PBXNativeTarget "play_dataTests" */ = {
			isa = XCConfigurationList;
			buildConfigurations = (
				1EFA4C6121C63300008BD385 /* Debug */,
				1EFA4C6221C63300008BD385 /* Release */,
			);
			defaultConfigurationIsVisible = 0;
			defaultConfigurationName = Release;
		};
		1EFA4C6321C63300008BD385 /* Build configuration list for PBXNativeTarget "play_dataUITests" */ = {
			isa = XCConfigurationList;
			buildConfigurations = (
				1EFA4C6421C63300008BD385 /* Debug */,
				1EFA4C6521C63300008BD385 /* Release */,
			);
			defaultConfigurationIsVisible = 0;
			defaultConfigurationName = Release;
		};
/* End XCConfigurationList section */

/* Begin XCVersionGroup section */
		1EFA4C3C21C632FE008BD385 /* play_data.xcdatamodeld */ = {
			isa = XCVersionGroup;
			children = (
				1EFA4C3D21C632FE008BD385 /* play_data.xcdatamodel */,
			);
			currentVersion = 1EFA4C3D21C632FE008BD385 /* play_data.xcdatamodel */;
			path = play_data.xcdatamodeld;
			sourceTree = "<group>";
			versionGroupType = wrapper.xcdatamodel;
		};
/* End XCVersionGroup section */
	};
	rootObject = 1EFA4C2A21C632FE008BD385 /* Project object */;
}
